
Microsoft Visual Studio Solution File, Format Version 12.00
# Visual Studio Version 17
VisualStudioVersion = 17.0.31611.283
MinimumVisualStudioVersion = 10.0.40219.1
Project("{FAE04EC0-301F-11D3-BF4B-00C04F79EFBC}") = "WhatsDown.Core", "WhatsDown.Core\WhatsDown.Core.csproj", "{FC189BE3-C917-4CF7-92AF-0D77CC64AC6D}"
EndProject
Project("{FAE04EC0-301F-11D3-BF4B-00C04F79EFBC}") = "WhatsDown.WPF", "WhatsDown.WPF\WhatsDown.WPF.csproj", "{38679546-03D9-4AAC-82AA-0EFDADBA7B47}"
EndProject
Project("{FAE04EC0-301F-11D3-BF4B-00C04F79EFBC}") = "WhatsDown.ASP", "WhatsDown.ASP\WhatsDown.ASP.csproj", "{44B1E38F-430A-435D-AE19-2260464D2386}"
EndProject
Project("{FAE04EC0-301F-11D3-BF4B-00C04F79EFBC}") = "WhatsDown.Server", "WhatsDown.Server\WhatsDown.Server.csproj", "{860CE076-6BA4-473C-B723-A44E1EF06C8B}"
EndProject
Global
	GlobalSection(SolutionConfigurationPlatforms) = preSolution
		Debug|Any CPU = Debug|Any CPU
		Release|Any CPU = Release|Any CPU
	EndGlobalSection
	GlobalSection(ProjectConfigurationPlatforms) = postSolution
		{FC189BE3-C917-4CF7-92AF-0D77CC64AC6D}.Debug|Any CPU.ActiveCfg = Debug|Any CPU
		{FC189BE3-C917-4CF7-92AF-0D77CC64AC6D}.Debug|Any CPU.Build.0 = Debug|Any CPU
		{FC189BE3-C917-4CF7-92AF-0D77CC64AC6D}.Release|Any CPU.ActiveCfg = Release|Any CPU
		{FC189BE3-C917-4CF7-92AF-0D77CC64AC6D}.Release|Any CPU.Build.0 = Release|Any CPU
		{38679546-03D9-4AAC-82AA-0EFDADBA7B47}.Debug|Any CPU.ActiveCfg = Debug|Any CPU
		{38679546-03D9-4AAC-82AA-0EFDADBA7B47}.Debug|Any CPU.Build.0 = Debug|Any CPU
		{38679546-03D9-4AAC-82AA-0EFDADBA7B47}.Release|Any CPU.ActiveCfg = Release|Any CPU
		{38679546-03D9-4AAC-82AA-0EFDADBA7B47}.Release|Any CPU.Build.0 = Release|Any CPU
		{44B1E38F-430A-435D-AE19-2260464D2386}.Debug|Any CPU.ActiveCfg = Debug|Any CPU
		{44B1E38F-430A-435D-AE19-2260464D2386}.Debug|Any CPU.Build.0 = Debug|Any CPU
		{44B1E38F-430A-435D-AE19-2260464D2386}.Release|Any CPU.ActiveCfg = Release|Any CPU
		{44B1E38F-430A-435D-AE19-2260464D2386}.Release|Any CPU.Build.0 = Release|Any CPU
		{860CE076-6BA4-473C-B723-A44E1EF06C8B}.Debug|Any CPU.ActiveCfg = Debug|Any CPU
		{860CE076-6BA4-473C-B723-A44E1EF06C8B}.Debug|Any CPU.Build.0 = Debug|Any CPU
		{860CE076-6BA4-473C-B723-A44E1EF06C8B}.Release|Any CPU.ActiveCfg = Release|Any CPU
		{860CE076-6BA4-473C-B723-A44E1EF06C8B}.Release|Any CPU.Build.0 = Release|Any CPU
	EndGlobalSection
	GlobalSection(SolutionProperties) = preSolution
		HideSolutionNode = FALSE
	EndGlobalSection
	GlobalSection(ExtensibilityGlobals) = postSolution
		SolutionGuid = {61F7FB11-1E47-470C-91E2-47F8143E1572}
	EndGlobalSection
EndGlobal
